
Microsoft Visual Studio Solution File, Format Version 12.00
# Visual Studio Version 17
VisualStudioVersion = 17.7.34221.43
MinimumVisualStudioVersion = 10.0.40219.1
Project("{FAE04EC0-301F-11D3-BF4B-00C04F79EFBC}") = "CrudProduto", "CrudProduto\CrudProduto.csproj", "{1FDDFE4E-D73C-4E3B-A16C-A8E0715F61BC}"
EndProject
Global
	GlobalSection(SolutionConfigurationPlatforms) = preSolution
		Debug|Any CPU = Debug|Any CPU
		Release|Any CPU = Release|Any CPU
	EndGlobalSection
	GlobalSection(ProjectConfigurationPlatforms) = postSolution
		{1FDDFE4E-D73C-4E3B-A16C-A8E0715F61BC}.Debug|Any CPU.ActiveCfg = Debug|Any CPU
		{1FDDFE4E-D73C-4E3B-A16C-A8E0715F61BC}.Debug|Any CPU.Build.0 = Debug|Any CPU
		{1FDDFE4E-D73C-4E3B-A16C-A8E0715F61BC}.Release|Any CPU.ActiveCfg = Release|Any CPU
		{1FDDFE4E-D73C-4E3B-A16C-A8E0715F61BC}.Release|Any CPU.Build.0 = Release|Any CPU
	EndGlobalSection
	GlobalSection(SolutionProperties) = preSolution
		HideSolutionNode = FALSE
	EndGlobalSection
	GlobalSection(ExtensibilityGlobals) = postSolution
		SolutionGuid = {0223B441-D1A2-4BE2-98F3-CDB5349BC350}
	EndGlobalSection
EndGlobal
